
Microsoft Visual Studio Solution File, Format Version 12.00
# Visual Studio Version 17
VisualStudioVersion = 17.6.33815.320
MinimumVisualStudioVersion = 10.0.40219.1
Project("{FAE04EC0-301F-11D3-BF4B-00C04F79EFBC}") = "pendu guerraz", "pendu guerraz\pendu guerraz.csproj", "{272D957B-FF53-4D7D-90D8-B003B787AFA3}"
EndProject
Global
	GlobalSection(SolutionConfigurationPlatforms) = preSolution
		Debug|Any CPU = Debug|Any CPU
		Release|Any CPU = Release|Any CPU
	EndGlobalSection
	GlobalSection(ProjectConfigurationPlatforms) = postSolution
		{272D957B-FF53-4D7D-90D8-B003B787AFA3}.Debug|Any CPU.ActiveCfg = Debug|Any CPU
		{272D957B-FF53-4D7D-90D8-B003B787AFA3}.Debug|Any CPU.Build.0 = Debug|Any CPU
		{272D957B-FF53-4D7D-90D8-B003B787AFA3}.Release|Any CPU.ActiveCfg = Release|Any CPU
		{272D957B-FF53-4D7D-90D8-B003B787AFA3}.Release|Any CPU.Build.0 = Release|Any CPU
	EndGlobalSection
	GlobalSection(SolutionProperties) = preSolution
		HideSolutionNode = FALSE
	EndGlobalSection
	GlobalSection(ExtensibilityGlobals) = postSolution
		SolutionGuid = {F93BA1B5-C94E-4FB7-BA76-631C86E4DD66}
	EndGlobalSection
EndGlobal
